PODS:
  - Starscream (4.0.4)
  - SwiftyOnboard (1.3.8)

DEPENDENCIES:
  - Starscream (~> 4.0.0)
  - SwiftyOnboard

SPEC REPOS:
  trunk:
    - Starscream
    - SwiftyOnboard

SPEC CHECKSUMS:
  Starscream: 5178aed56b316f13fa3bc55694e583d35dd414d9
  SwiftyOnboard: de60e90c2af23dd61b01ec0c6a8d0be3370f857b

PODFILE CHECKSUM: 58429195e55dcabdcc2585530d3355f4f98d9c11

COCOAPODS: 1.10.1
