// !$*UTF8*$!
{
	archiveVersion = 1;
	classes = {
	};
	objectVersion = 51;
	objects = {

/* Begin PBXBuildFile section */
		5309200926478A2300A1C5EE /* CoreDataHandler.swift in Sources */ = {isa = PBXBuildFile; fileRef = 5309200826478A2300A1C5EE /* CoreDataHandler.swift */; };
		531DAC102658059C0095ECF0 /* FriendRequestModel.swift in Sources */ = {isa = PBXBuildFile; fileRef = 531DAC0F2658059C0095ECF0 /* FriendRequestModel.swift */; };
		532E25F22653D03D009420A6 /* ResponseRequestCoordinator.swift in Sources */ = {isa = PBXBuildFile; fileRef = 532E25F12653D03D009420A6 /* ResponseRequestCoordinator.swift */; };
		532E25F42653D7F4009420A6 /* TabBarController.swift in Sources */ = {isa = PBXBuildFile; fileRef = 532E25F32653D7F4009420A6 /* TabBarController.swift */; };
		5335DB4F2650433500B1E0CD /* RequestFriendshipCoordinator.swift in Sources */ = {isa = PBXBuildFile; fileRef = 5335DB4E2650433500B1E0CD /* RequestFriendshipCoordinator.swift */; };
		533E19C8265E379400F74DAC /* BannerViewCell.swift in Sources */ = {isa = PBXBuildFile; fileRef = 533E19C7265E379400F74DAC /* BannerViewCell.swift */; };
		533E19CA265E410400F74DAC /* BannerModel.swift in Sources */ = {isa = PBXBuildFile; fileRef = 533E19C9265E410400F74DAC /* BannerModel.swift */; };
		5347DAD22631D34C001CBC1E /* SceneCoordinator.swift in Sources */ = {isa = PBXBuildFile; fileRef = 5347DAD12631D34C001CBC1E /* SceneCoordinator.swift */; };
		5347DADA2631DF80001CBC1E /* LoginViewController.swift in Sources */ = {isa = PBXBuildFile; fileRef = 5347DAD92631DF80001CBC1E /* LoginViewController.swift */; };
		536EE2FB262E011D00EECB3F /* AppDelegate.swift in Sources */ = {isa = PBXBuildFile; fileRef = 536EE2FA262E011D00EECB3F /* AppDelegate.swift */; };
		536EE2FD262E011D00EECB3F /* SceneDelegate.swift in Sources */ = {isa = PBXBuildFile; fileRef = 536EE2FC262E011D00EECB3F /* SceneDelegate.swift */; };
		536EE305262E011D00EECB3F /* Messenger.xcdatamodeld in Sources */ = {isa = PBXBuildFile; fileRef = 536EE303262E011D00EECB3F /* Messenger.xcdatamodeld */; };
		536EE307262E011F00EECB3F /* Assets.xcassets in Resources */ = {isa = PBXBuildFile; fileRef = 536EE306262E011F00EECB3F /* Assets.xcassets */; };
		536EE30A262E011F00EECB3F /* LaunchScreen.storyboard in Resources */ = {isa = PBXBuildFile; fileRef = 536EE308262E011F00EECB3F /* LaunchScreen.storyboard */; };
		536EE315262E011F00EECB3F /* MessengerTests.swift in Sources */ = {isa = PBXBuildFile; fileRef = 536EE314262E011F00EECB3F /* MessengerTests.swift */; };
		536EE320262E011F00EECB3F /* MessengerUITests.swift in Sources */ = {isa = PBXBuildFile; fileRef = 536EE31F262E011F00EECB3F /* MessengerUITests.swift */; };
		536EE339262E023000EECB3F /* BaseCoordinator.swift in Sources */ = {isa = PBXBuildFile; fileRef = 536EE338262E023000EECB3F /* BaseCoordinator.swift */; };
		536EE344262E064000EECB3F /* OnboardViewController.swift in Sources */ = {isa = PBXBuildFile; fileRef = 536EE343262E064000EECB3F /* OnboardViewController.swift */; };
		5373E9A7262F466000F083D8 /* AppCoordinator.swift in Sources */ = {isa = PBXBuildFile; fileRef = 5373E9A6262F466000F083D8 /* AppCoordinator.swift */; };
		5373E9AF262F48CB00F083D8 /* OnboardCoordinator.swift in Sources */ = {isa = PBXBuildFile; fileRef = 5373E9AE262F48CB00F083D8 /* OnboardCoordinator.swift */; };
		53793B3B2640FBF200552B05 /* conversation_older.json in Resources */ = {isa = PBXBuildFile; fileRef = 53793B382640FBF200552B05 /* conversation_older.json */; };
		53793B3C2640FBF200552B05 /* conversation.json in Resources */ = {isa = PBXBuildFile; fileRef = 53793B392640FBF200552B05 /* conversation.json */; };
		53793B3D2640FBF200552B05 /* user.json in Resources */ = {isa = PBXBuildFile; fileRef = 53793B3A2640FBF200552B05 /* user.json */; };
		53947005263FF27900014E57 /* FileInfo.swift in Sources */ = {isa = PBXBuildFile; fileRef = 53947004263FF27900014E57 /* FileInfo.swift */; };
		53947007263FF46E00014E57 /* Pagination.swift in Sources */ = {isa = PBXBuildFile; fileRef = 53947006263FF46E00014E57 /* Pagination.swift */; };
		53947009263FF4B000014E57 /* ListResponseObject.swift in Sources */ = {isa = PBXBuildFile; fileRef = 53947008263FF4B000014E57 /* ListResponseObject.swift */; };
		5394700B263FF4CD00014E57 /* ChatBarType.swift in Sources */ = {isa = PBXBuildFile; fileRef = 5394700A263FF4CD00014E57 /* ChatBarType.swift */; };
		5394700D263FF4E900014E57 /* ImagePickerType.swift in Sources */ = {isa = PBXBuildFile; fileRef = 5394700C263FF4E900014E57 /* ImagePickerType.swift */; };
		5394700F263FF5DF00014E57 /* MessageCell.swift in Sources */ = {isa = PBXBuildFile; fileRef = 5394700E263FF5DF00014E57 /* MessageCell.swift */; };
		53947011263FF8A600014E57 /* MessageImageCell.swift in Sources */ = {isa = PBXBuildFile; fileRef = 53947010263FF8A600014E57 /* MessageImageCell.swift */; };
		53947013263FF9E800014E57 /* MessageTextCell.swift in Sources */ = {isa = PBXBuildFile; fileRef = 53947012263FF9E800014E57 /* MessageTextCell.swift */; };
		53947015263FFA0400014E57 /* SelectionStyleCell.swift in Sources */ = {isa = PBXBuildFile; fileRef = 53947014263FFA0400014E57 /* SelectionStyleCell.swift */; };
		53947018263FFA3100014E57 /* Array.swift in Sources */ = {isa = PBXBuildFile; fileRef = 53947017263FFA3100014E57 /* Array.swift */; };
		5394701A263FFA5600014E57 /* KingFisher.swift in Sources */ = {isa = PBXBuildFile; fileRef = 53947019263FFA5600014E57 /* KingFisher.swift */; };
		5394701C263FFA7600014E57 /* UIBezierPath.swift in Sources */ = {isa = PBXBuildFile; fileRef = 5394701B263FFA7600014E57 /* UIBezierPath.swift */; };
		5394701E263FFA8F00014E57 /* Data.swift in Sources */ = {isa = PBXBuildFile; fileRef = 5394701D263FFA8F00014E57 /* Data.swift */; };
		53947020263FFAA800014E57 /* UIViewController.swift in Sources */ = {isa = PBXBuildFile; fileRef = 5394701F263FFAA800014E57 /* UIViewController.swift */; };
		539B30902641942B00B45232 /* RequestFriendshipViewController.swift in Sources */ = {isa = PBXBuildFile; fileRef = 539B308F2641942B00B45232 /* RequestFriendshipViewController.swift */; };
		53A785292650E20000212933 /* ResponseRequestViewController.swift in Sources */ = {isa = PBXBuildFile; fileRef = 53A785282650E20000212933 /* ResponseRequestViewController.swift */; };
		53AA3877264706C200F9CFEB /* CoreContext.swift in Sources */ = {isa = PBXBuildFile; fileRef = 53AA3876264706C200F9CFEB /* CoreContext.swift */; };
		53AB7E2D264FF0DD00744FAD /* SignupNetworkModel.swift in Sources */ = {isa = PBXBuildFile; fileRef = 53AB7E2C264FF0DD00744FAD /* SignupNetworkModel.swift */; };
		53B1217B265EA71E00AC613D /* NSAttributedString+Size.swift in Sources */ = {isa = PBXBuildFile; fileRef = 53B1217A265EA71E00AC613D /* NSAttributedString+Size.swift */; };
		53B70459265A66ED006CDF87 /* TrackingFlowManager.swift in Sources */ = {isa = PBXBuildFile; fileRef = 53B70458265A66ED006CDF87 /* TrackingFlowManager.swift */; };
		53B7045B265A676F006CDF87 /* TrackingModel.swift in Sources */ = {isa = PBXBuildFile; fileRef = 53B7045A265A676F006CDF87 /* TrackingModel.swift */; };
		53BFBCF5263F7D8800A53CE8 /* MessageViewModel.swift in Sources */ = {isa = PBXBuildFile; fileRef = 53BFBCF4263F7D8800A53CE8 /* MessageViewModel.swift */; };
		53C39D2F263D07E200272753 /* MessageViewController.swift in Sources */ = {isa = PBXBuildFile; fileRef = 53C39D2E263D07E200272753 /* MessageViewController.swift */; };
		53C39D31263D080B00272753 /* MessageViewCoordinator.swift in Sources */ = {isa = PBXBuildFile; fileRef = 53C39D30263D080B00272753 /* MessageViewCoordinator.swift */; };
		53C39D33263D0AE400272753 /* UserModel.swift in Sources */ = {isa = PBXBuildFile; fileRef = 53C39D32263D0AE400272753 /* UserModel.swift */; };
		53C39D35263D0BC000272753 /* MessageModel.swift in Sources */ = {isa = PBXBuildFile; fileRef = 53C39D34263D0BC000272753 /* MessageModel.swift */; };
		53C39D37263D0ECA00272753 /* QuickActionModel.swift in Sources */ = {isa = PBXBuildFile; fileRef = 53C39D36263D0ECA00272753 /* QuickActionModel.swift */; };
		53D0D9532646A882009FBBE1 /* ChatSocket.swift in Sources */ = {isa = PBXBuildFile; fileRef = 53D0D9522646A882009FBBE1 /* ChatSocket.swift */; };
		53D0D9552646C26F009FBBE1 /* NetworkHandler.swift in Sources */ = {isa = PBXBuildFile; fileRef = 53D0D9542646C26F009FBBE1 /* NetworkHandler.swift */; };
		53E1E85926353FC7009BAC13 /* LoginCoordinator.swift in Sources */ = {isa = PBXBuildFile; fileRef = 53E1E85826353FC7009BAC13 /* LoginCoordinator.swift */; };
		53E1E85E26354692009BAC13 /* SignUpCoordinator.swift in Sources */ = {isa = PBXBuildFile; fileRef = 53E1E85D26354692009BAC13 /* SignUpCoordinator.swift */; };
		53E1E8632635472C009BAC13 /* SignUpViewController.swift in Sources */ = {isa = PBXBuildFile; fileRef = 53E1E8622635472C009BAC13 /* SignUpViewController.swift */; };
		53E92E282637C0F30004607A /* ChatThreadViewController.swift in Sources */ = {isa = PBXBuildFile; fileRef = 53E92E272637C0F30004607A /* ChatThreadViewController.swift */; };
		53E92E2D2637C1080004607A /* ChatThreadCoordinator.swift in Sources */ = {isa = PBXBuildFile; fileRef = 53E92E2C2637C1080004607A /* ChatThreadCoordinator.swift */; };
		53EAE00F2653E7580044774E /* TabBarCoordinator.swift in Sources */ = {isa = PBXBuildFile; fileRef = 53EAE00E2653E7580044774E /* TabBarCoordinator.swift */; };
		53EAE0112653E8F50044774E /* RequestListViewController.swift in Sources */ = {isa = PBXBuildFile; fileRef = 53EAE0102653E8F50044774E /* RequestListViewController.swift */; };
		53EAE0132653EB3D0044774E /* RequestListCoordinator.swift in Sources */ = {isa = PBXBuildFile; fileRef = 53EAE0122653EB3D0044774E /* RequestListCoordinator.swift */; };
		87420938D7AD46F40AA1B972 /* Pods_Messenger_MessengerUITests.framework in Frameworks */ = {isa = PBXBuildFile; fileRef = 8FC0AEBD98E950055812264C /* Pods_Messenger_MessengerUITests.framework */; };
		9C8B0495CFC314A432125D69 /* Pods_Messenger.framework in Frameworks */ = {isa = PBXBuildFile; fileRef = DF3FB4AF4DB6AE6606E5241E /* Pods_Messenger.framework */; };
		C01BD42803B7A5BE3873DA1A /* Pods_MessengerTests.framework in Frameworks */ = {isa = PBXBuildFile; fileRef = 7EF99B64A9CC749B36A46902 /* Pods_MessengerTests.framework */; };
/* End PBXBuildFile section */

/* Begin PBXContainerItemProxy section */
		536EE311262E011F00EECB3F /* PBXContainerItemProxy */ = {
			isa = PBXContainerItemProxy;
			containerPortal = 536EE2EF262E011D00EECB3F /* Project object */;
			proxyType = 1;
			remoteGlobalIDString = 536EE2F6262E011D00EECB3F;
			remoteInfo = Messenger;
		};
		536EE31C262E011F00EECB3F /* PBXContainerItemProxy */ = {
			isa = PBXContainerItemProxy;
			containerPortal = 536EE2EF262E011D00EECB3F /* Project object */;
			proxyType = 1;
			remoteGlobalIDString = 536EE2F6262E011D00EECB3F;
			remoteInfo = Messenger;
		};
/* End PBXContainerItemProxy section */

/* Begin PBXFileReference section */
		21407AF1D4F6BDA9662FF9BC /* Pods-MessengerTests.debug.xcconfig */ = {isa = PBXFileReference; includeInIndex = 1; lastKnownFileType = text.xcconfig; name = "Pods-MessengerTests.debug.xcconfig"; path = "Target Support Files/Pods-MessengerTests/Pods-MessengerTests.debug.xcconfig"; sourceTree = "<group>"; };
		252E57FA823CEA2383C292CB /* Pods-Messenger-MessengerUITests.release.xcconfig */ = {isa = PBXFileReference; includeInIndex = 1; lastKnownFileType = text.xcconfig; name = "Pods-Messenger-MessengerUITests.release.xcconfig"; path = "Target Support Files/Pods-Messenger-MessengerUITests/Pods-Messenger-MessengerUITests.release.xcconfig"; sourceTree = "<group>"; };
		2C837059C975794B39F68A24 /* Pods-Messenger.release.xcconfig */ = {isa = PBXFileReference; includeInIndex = 1; lastKnownFileType = text.xcconfig; name = "Pods-Messenger.release.xcconfig"; path = "Target Support Files/Pods-Messenger/Pods-Messenger.release.xcconfig"; sourceTree = "<group>"; };
		50DBA671CE3BCD6438651EA4 /* Pods-Messenger.debug.xcconfig */ = {isa = PBXFileReference; includeInIndex = 1; lastKnownFileType = text.xcconfig; name = "Pods-Messenger.debug.xcconfig"; path = "Target Support Files/Pods-Messenger/Pods-Messenger.debug.xcconfig"; sourceTree = "<group>"; };
		5309200826478A2300A1C5EE /* CoreDataHandler.swift */ = {isa = PBXFileReference; lastKnownFileType = sourcecode.swift; path = CoreDataHandler.swift; sourceTree = "<group>"; };
		531DAC0F2658059C0095ECF0 /* FriendRequestModel.swift */ = {isa = PBXFileReference; lastKnownFileType = sourcecode.swift; path = FriendRequestModel.swift; sourceTree = "<group>"; };
		532E25F12653D03D009420A6 /* ResponseRequestCoordinator.swift */ = {isa = PBXFileReference; lastKnownFileType = sourcecode.swift; path = ResponseRequestCoordinator.swift; sourceTree = "<group>"; };
		532E25F32653D7F4009420A6 /* TabBarController.swift */ = {isa = PBXFileReference; lastKnownFileType = sourcecode.swift; path = TabBarController.swift; sourceTree = "<group>"; };
		5335DB4E2650433500B1E0CD /* RequestFriendshipCoordinator.swift */ = {isa = PBXFileReference; lastKnownFileType = sourcecode.swift; path = RequestFriendshipCoordinator.swift; sourceTree = "<group>"; };
		533E19C7265E379400F74DAC /* BannerViewCell.swift */ = {isa = PBXFileReference; lastKnownFileType = sourcecode.swift; path = BannerViewCell.swift; sourceTree = "<group>"; };
		533E19C9265E410400F74DAC /* BannerModel.swift */ = {isa = PBXFileReference; lastKnownFileType = sourcecode.swift; path = BannerModel.swift; sourceTree = "<group>"; };
		5347DAD12631D34C001CBC1E /* SceneCoordinator.swift */ = {isa = PBXFileReference; lastKnownFileType = sourcecode.swift; path = SceneCoordinator.swift; sourceTree = "<group>"; };
		5347DAD92631DF80001CBC1E /* LoginViewController.swift */ = {isa = PBXFileReference; lastKnownFileType = sourcecode.swift; path = LoginViewController.swift; sourceTree = "<group>"; };
		536EE2F7262E011D00EECB3F /* Messenger.app */ = {isa = PBXFileReference; explicitFileType = wrapper.application; includeInIndex = 0; path = Messenger.app; sourceTree = BUILT_PRODUCTS_DIR; };
		536EE2FA262E011D00EECB3F /* AppDelegate.swift */ = {isa = PBXFileReference; lastKnownFileType = sourcecode.swift; path = AppDelegate.swift; sourceTree = "<group>"; };
		536EE2FC262E011D00EECB3F /* SceneDelegate.swift */ = {isa = PBXFileReference; lastKnownFileType = sourcecode.swift; path = SceneDelegate.swift; sourceTree = "<group>"; };
		536EE304262E011D00EECB3F /* Messenger.xcdatamodel */ = {isa = PBXFileReference; lastKnownFileType = wrapper.xcdatamodel; path = Messenger.xcdatamodel; sourceTree = "<group>"; };
		536EE306262E011F00EECB3F /* Assets.xcassets */ = {isa = PBXFileReference; lastKnownFileType = folder.assetcatalog; path = Assets.xcassets; sourceTree = "<group>"; };
		536EE309262E011F00EECB3F /* Base */ = {isa = PBXFileReference; lastKnownFileType = file.storyboard; name = Base; path = Base.lproj/LaunchScreen.storyboard; sourceTree = "<group>"; };
		536EE30B262E011F00EECB3F /* Info.plist */ = {isa = PBXFileReference; lastKnownFileType = text.plist.xml; path = Info.plist; sourceTree = "<group>"; };
		536EE310262E011F00EECB3F /* MessengerTests.xctest */ = {isa = PBXFileReference; explicitFileType = wrapper.cfbundle; includeInIndex = 0; path = MessengerTests.xctest; sourceTree = BUILT_PRODUCTS_DIR; };
		536EE314262E011F00EECB3F /* MessengerTests.swift */ = {isa = PBXFileReference; lastKnownFileType = sourcecode.swift; path = MessengerTests.swift; sourceTree = "<group>"; };
		536EE316262E011F00EECB3F /* Info.plist */ = {isa = PBXFileReference; lastKnownFileType = text.plist.xml; path = Info.plist; sourceTree = "<group>"; };
		536EE31B262E011F00EECB3F /* MessengerUITests.xctest */ = {isa = PBXFileReference; explicitFileType = wrapper.cfbundle; includeInIndex = 0; path = MessengerUITests.xctest; sourceTree = BUILT_PRODUCTS_DIR; };
		536EE31F262E011F00EECB3F /* MessengerUITests.swift */ = {isa = PBXFileReference; lastKnownFileType = sourcecode.swift; path = MessengerUITests.swift; sourceTree = "<group>"; };
		536EE321262E011F00EECB3F /* Info.plist */ = {isa = PBXFileReference; lastKnownFileType = text.plist.xml; path = Info.plist; sourceTree = "<group>"; };
		536EE338262E023000EECB3F /* BaseCoordinator.swift */ = {isa = PBXFileReference; lastKnownFileType = sourcecode.swift; path = BaseCoordinator.swift; sourceTree = "<group>"; };
		536EE343262E064000EECB3F /* OnboardViewController.swift */ = {isa = PBXFileReference; lastKnownFileType = sourcecode.swift; path = OnboardViewController.swift; sourceTree = "<group>"; };
		5373E9A6262F466000F083D8 /* AppCoordinator.swift */ = {isa = PBXFileReference; lastKnownFileType = sourcecode.swift; path = AppCoordinator.swift; sourceTree = "<group>"; };
		5373E9AE262F48CB00F083D8 /* OnboardCoordinator.swift */ = {isa = PBXFileReference; lastKnownFileType = sourcecode.swift; path = OnboardCoordinator.swift; sourceTree = "<group>"; };
		53793B382640FBF200552B05 /* conversation_older.json */ = {isa = PBXFileReference; fileEncoding = 4; lastKnownFileType = text.json; path = conversation_older.json; sourceTree = "<group>"; };
		53793B392640FBF200552B05 /* conversation.json */ = {isa = PBXFileReference; fileEncoding = 4; lastKnownFileType = text.json; path = conversation.json; sourceTree = "<group>"; };
		53793B3A2640FBF200552B05 /* user.json */ = {isa = PBXFileReference; fileEncoding = 4; lastKnownFileType = text.json; path = user.json; sourceTree = "<group>"; };
		53947004263FF27900014E57 /* FileInfo.swift */ = {isa = PBXFileReference; lastKnownFileType = sourcecode.swift; path = FileInfo.swift; sourceTree = "<group>"; };
		53947006263FF46E00014E57 /* Pagination.swift */ = {isa = PBXFileReference; lastKnownFileType = sourcecode.swift; path = Pagination.swift; sourceTree = "<group>"; };
		53947008263FF4B000014E57 /* ListResponseObject.swift */ = {isa = PBXFileReference; lastKnownFileType = sourcecode.swift; path = ListResponseObject.swift; sourceTree = "<group>"; };
		5394700A263FF4CD00014E57 /* ChatBarType.swift */ = {isa = PBXFileReference; lastKnownFileType = sourcecode.swift; path = ChatBarType.swift; sourceTree = "<group>"; };
		5394700C263FF4E900014E57 /* ImagePickerType.swift */ = {isa = PBXFileReference; lastKnownFileType = sourcecode.swift; path = ImagePickerType.swift; sourceTree = "<group>"; };
		5394700E263FF5DF00014E57 /* MessageCell.swift */ = {isa = PBXFileReference; lastKnownFileType = sourcecode.swift; path = MessageCell.swift; sourceTree = "<group>"; };
		53947010263FF8A600014E57 /* MessageImageCell.swift */ = {isa = PBXFileReference; lastKnownFileType = sourcecode.swift; path = MessageImageCell.swift; sourceTree = "<group>"; };
		53947012263FF9E800014E57 /* MessageTextCell.swift */ = {isa = PBXFileReference; lastKnownFileType = sourcecode.swift; path = MessageTextCell.swift; sourceTree = "<group>"; };
		53947014263FFA0400014E57 /* SelectionStyleCell.swift */ = {isa = PBXFileReference; lastKnownFileType = sourcecode.swift; path = SelectionStyleCell.swift; sourceTree = "<group>"; };
		53947017263FFA3100014E57 /* Array.swift */ = {isa = PBXFileReference; lastKnownFileType = sourcecode.swift; path = Array.swift; sourceTree = "<group>"; };
		53947019263FFA5600014E57 /* KingFisher.swift */ = {isa = PBXFileReference; lastKnownFileType = sourcecode.swift; path = KingFisher.swift; sourceTree = "<group>"; };
		5394701B263FFA7600014E57 /* UIBezierPath.swift */ = {isa = PBXFileReference; lastKnownFileType = sourcecode.swift; path = UIBezierPath.swift; sourceTree = "<group>"; };
		5394701D263FFA8F00014E57 /* Data.swift */ = {isa = PBXFileReference; lastKnownFileType = sourcecode.swift; path = Data.swift; sourceTree = "<group>"; };
		5394701F263FFAA800014E57 /* UIViewController.swift */ = {isa = PBXFileReference; lastKnownFileType = sourcecode.swift; path = UIViewController.swift; sourceTree = "<group>"; };
		539B308F2641942B00B45232 /* RequestFriendshipViewController.swift */ = {isa = PBXFileReference; lastKnownFileType = sourcecode.swift; path = RequestFriendshipViewController.swift; sourceTree = "<group>"; };
		53A785282650E20000212933 /* ResponseRequestViewController.swift */ = {isa = PBXFileReference; lastKnownFileType = sourcecode.swift; path = ResponseRequestViewController.swift; sourceTree = "<group>"; };
		53AA3876264706C200F9CFEB /* CoreContext.swift */ = {isa = PBXFileReference; lastKnownFileType = sourcecode.swift; path = CoreContext.swift; sourceTree = "<group>"; };
		53AB7E2C264FF0DD00744FAD /* SignupNetworkModel.swift */ = {isa = PBXFileReference; lastKnownFileType = sourcecode.swift; path = SignupNetworkModel.swift; sourceTree = "<group>"; };
		53B1217A265EA71E00AC613D /* NSAttributedString+Size.swift */ = {isa = PBXFileReference; lastKnownFileType = sourcecode.swift; path = "NSAttributedString+Size.swift"; sourceTree = "<group>"; };
		53B70458265A66ED006CDF87 /* TrackingFlowManager.swift */ = {isa = PBXFileReference; lastKnownFileType = sourcecode.swift; path = TrackingFlowManager.swift; sourceTree = "<group>"; };
		53B7045A265A676F006CDF87 /* TrackingModel.swift */ = {isa = PBXFileReference; lastKnownFileType = sourcecode.swift; path = TrackingModel.swift; sourceTree = "<group>"; };
		53BFBCF4263F7D8800A53CE8 /* MessageViewModel.swift */ = {isa = PBXFileReference; lastKnownFileType = sourcecode.swift; path = MessageViewModel.swift; sourceTree = "<group>"; };
		53C39D2E263D07E200272753 /* MessageViewController.swift */ = {isa = PBXFileReference; lastKnownFileType = sourcecode.swift; path = MessageViewController.swift; sourceTree = "<group>"; };
		53C39D30263D080B00272753 /* MessageViewCoordinator.swift */ = {isa = PBXFileReference; lastKnownFileType = sourcecode.swift; path = MessageViewCoordinator.swift; sourceTree = "<group>"; };
		53C39D32263D0AE400272753 /* UserModel.swift */ = {isa = PBXFileReference; lastKnownFileType = sourcecode.swift; path = UserModel.swift; sourceTree = "<group>"; };
		53C39D34263D0BC000272753 /* MessageModel.swift */ = {isa = PBXFileReference; lastKnownFileType = sourcecode.swift; path = MessageModel.swift; sourceTree = "<group>"; };
		53C39D36263D0ECA00272753 /* QuickActionModel.swift */ = {isa = PBXFileReference; lastKnownFileType = sourcecode.swift; path = QuickActionModel.swift; sourceTree = "<group>"; };
		53D0D9522646A882009FBBE1 /* ChatSocket.swift */ = {isa = PBXFileReference; lastKnownFileType = sourcecode.swift; path = ChatSocket.swift; sourceTree = "<group>"; };
		53D0D9542646C26F009FBBE1 /* NetworkHandler.swift */ = {isa = PBXFileReference; lastKnownFileType = sourcecode.swift; path = NetworkHandler.swift; sourceTree = "<group>"; };
		53E1E85826353FC7009BAC13 /* LoginCoordinator.swift */ = {isa = PBXFileReference; lastKnownFileType = sourcecode.swift; path = LoginCoordinator.swift; sourceTree = "<group>"; };
		53E1E85D26354692009BAC13 /* SignUpCoordinator.swift */ = {isa = PBXFileReference; lastKnownFileType = sourcecode.swift; path = SignUpCoordinator.swift; sourceTree = "<group>"; };
		53E1E8622635472C009BAC13 /* SignUpViewController.swift */ = {isa = PBXFileReference; lastKnownFileType = sourcecode.swift; path = SignUpViewController.swift; sourceTree = "<group>"; };
		53E92E272637C0F30004607A /* ChatThreadViewController.swift */ = {isa = PBXFileReference; lastKnownFileType = sourcecode.swift; path = ChatThreadViewController.swift; sourceTree = "<group>"; };
		53E92E2C2637C1080004607A /* ChatThreadCoordinator.swift */ = {isa = PBXFileReference; lastKnownFileType = sourcecode.swift; path = ChatThreadCoordinator.swift; sourceTree = "<group>"; };
		53EAE00E2653E7580044774E /* TabBarCoordinator.swift */ = {isa = PBXFileReference; lastKnownFileType = sourcecode.swift; path = TabBarCoordinator.swift; sourceTree = "<group>"; };
		53EAE0102653E8F50044774E /* RequestListViewController.swift */ = {isa = PBXFileReference; lastKnownFileType = sourcecode.swift; path = RequestListViewController.swift; sourceTree = "<group>"; };
		53EAE0122653EB3D0044774E /* RequestListCoordinator.swift */ = {isa = PBXFileReference; lastKnownFileType = sourcecode.swift; path = RequestListCoordinator.swift; sourceTree = "<group>"; };
		7EF99B64A9CC749B36A46902 /* Pods_MessengerTests.framework */ = {isa = PBXFileReference; explicitFileType = wrapper.framework; includeInIndex = 0; path = Pods_MessengerTests.framework; sourceTree = BUILT_PRODUCTS_DIR; };
		8FC0AEBD98E950055812264C /* Pods_Messenger_MessengerUITests.framework */ = {isa = PBXFileReference; explicitFileType = wrapper.framework; includeInIndex = 0; path = Pods_Messenger_MessengerUITests.framework; sourceTree = BUILT_PRODUCTS_DIR; };
		B80554A0A556902E8F2B0C40 /* Pods-MessengerTests.release.xcconfig */ = {isa = PBXFileReference; includeInIndex = 1; lastKnownFileType = text.xcconfig; name = "Pods-MessengerTests.release.xcconfig"; path = "Target Support Files/Pods-MessengerTests/Pods-MessengerTests.release.xcconfig"; sourceTree = "<group>"; };
		BA47D323C2B0A99BDE288D9A /* Pods-Messenger-MessengerUITests.debug.xcconfig */ = {isa = PBXFileReference; includeInIndex = 1; lastKnownFileType = text.xcconfig; name = "Pods-Messenger-MessengerUITests.debug.xcconfig"; path = "Target Support Files/Pods-Messenger-MessengerUITests/Pods-Messenger-MessengerUITests.debug.xcconfig"; sourceTree = "<group>"; };
		DF3FB4AF4DB6AE6606E5241E /* Pods_Messenger.framework */ = {isa = PBXFileReference; explicitFileType = wrapper.framework; includeInIndex = 0; path = Pods_Messenger.framework; sourceTree = BUILT_PRODUCTS_DIR; };
/* End PBXFileReference section */

/* Begin PBXFrameworksBuildPhase section */
		536EE2F4262E011D00EECB3F /* Frameworks */ = {
			isa = PBXFrameworksBuildPhase;
			buildActionMask = 2147483647;
			files = (
				9C8B0495CFC314A432125D69 /* Pods_Messenger.framework in Frameworks */,
			);
			runOnlyForDeploymentPostprocessing = 0;
		};
		536EE30D262E011F00EECB3F /* Frameworks */ = {
			isa = PBXFrameworksBuildPhase;
			buildActionMask = 2147483647;
			files = (
				C01BD42803B7A5BE3873DA1A /* Pods_MessengerTests.framework in Frameworks */,
			);
			runOnlyForDeploymentPostprocessing = 0;
		};
		536EE318262E011F00EECB3F /* Frameworks */ = {
			isa = PBXFrameworksBuildPhase;
			buildActionMask = 2147483647;
			files = (
				87420938D7AD46F40AA1B972 /* Pods_Messenger_MessengerUITests.framework in Frameworks */,
			);
			runOnlyForDeploymentPostprocessing = 0;
		};
/* End PBXFrameworksBuildPhase section */

/* Begin PBXGroup section */
		530394F126395D240053F169 /* Model */ = {
			isa = PBXGroup;
			children = (
				53C39D32263D0AE400272753 /* UserModel.swift */,
				53C39D34263D0BC000272753 /* MessageModel.swift */,
				53C39D36263D0ECA00272753 /* QuickActionModel.swift */,
				53947004263FF27900014E57 /* FileInfo.swift */,
				53947006263FF46E00014E57 /* Pagination.swift */,
				53947008263FF4B000014E57 /* ListResponseObject.swift */,
				5394700A263FF4CD00014E57 /* ChatBarType.swift */,
				5394700C263FF4E900014E57 /* ImagePickerType.swift */,
				531DAC0F2658059C0095ECF0 /* FriendRequestModel.swift */,
				533E19C9265E410400F74DAC /* BannerModel.swift */,
			);
			path = Model;
			sourceTree = "<group>";
		};
		530707AB2654C2E50050E80F /* TrackingFlow */ = {
			isa = PBXGroup;
			children = (
				53B70458265A66ED006CDF87 /* TrackingFlowManager.swift */,
				53B7045A265A676F006CDF87 /* TrackingModel.swift */,
			);
			path = TrackingFlow;
			sourceTree = "<group>";
		};
		5309200726478A0300A1C5EE /* Database */ = {
			isa = PBXGroup;
			children = (
				5309200826478A2300A1C5EE /* CoreDataHandler.swift */,
			);
			path = Database;
			sourceTree = "<group>";
		};
		536EE2EE262E011D00EECB3F = {
			isa = PBXGroup;
			children = (
				536EE2F9262E011D00EECB3F /* Messenger */,
				536EE313262E011F00EECB3F /* MessengerTests */,
				536EE31E262E011F00EECB3F /* MessengerUITests */,
				536EE2F8262E011D00EECB3F /* Products */,
				B29EF15BA4ED6B102B1FCA64 /* Pods */,
				B7A35D879593217ABA4E88A1 /* Frameworks */,
			);
			sourceTree = "<group>";
		};
		536EE2F8262E011D00EECB3F /* Products */ = {
			isa = PBXGroup;
			children = (
				536EE2F7262E011D00EECB3F /* Messenger.app */,
				536EE310262E011F00EECB3F /* MessengerTests.xctest */,
				536EE31B262E011F00EECB3F /* MessengerUITests.xctest */,
			);
			name = Products;
			sourceTree = "<group>";
		};
		536EE2F9262E011D00EECB3F /* Messenger */ = {
			isa = PBXGroup;
			children = (
				530707AB2654C2E50050E80F /* TrackingFlow */,
				5309200726478A0300A1C5EE /* Database */,
				53AA3875264706A800F9CFEB /* Context */,
				53D0D9512646A86A009FBBE1 /* Network */,
				53793B372640FB0800552B05 /* MockupData */,
				53947016263FFA2100014E57 /* Extension */,
				53C39D38263D0FAB00272753 /* ViewModel */,
				530394F126395D240053F169 /* Model */,
				5373E9A5262F42C600F083D8 /* App */,
				536EE342262E061700EECB3F /* ViewController */,
				536EE331262E017F00EECB3F /* Coordinator */,
				536EE330262E017600EECB3F /* View */,
				536EE306262E011F00EECB3F /* Assets.xcassets */,
				536EE308262E011F00EECB3F /* LaunchScreen.storyboard */,
				536EE30B262E011F00EECB3F /* Info.plist */,
				536EE303262E011D00EECB3F /* Messenger.xcdatamodeld */,
			);
			path = Messenger;
			sourceTree = "<group>";
		};
		536EE313262E011F00EECB3F /* MessengerTests */ = {
			isa = PBXGroup;
			children = (
				536EE314262E011F00EECB3F /* MessengerTests.swift */,
				536EE316262E011F00EECB3F /* Info.plist */,
			);
			path = MessengerTests;
			sourceTree = "<group>";
		};
		536EE31E262E011F00EECB3F /* MessengerUITests */ = {
			isa = PBXGroup;
			children = (
				536EE31F262E011F00EECB3F /* MessengerUITests.swift */,
				536EE321262E011F00EECB3F /* Info.plist */,
			);
			path = MessengerUITests;
			sourceTree = "<group>";
		};
		536EE330262E017600EECB3F /* View */ = {
			isa = PBXGroup;
			children = (
				5394700E263FF5DF00014E57 /* MessageCell.swift */,
				53947010263FF8A600014E57 /* MessageImageCell.swift */,
				53947012263FF9E800014E57 /* MessageTextCell.swift */,
				53947014263FFA0400014E57 /* SelectionStyleCell.swift */,
				533E19C7265E379400F74DAC /* BannerViewCell.swift */,
			);
			path = View;
			sourceTree = "<group>";
		};
		536EE331262E017F00EECB3F /* Coordinator */ = {
			isa = PBXGroup;
			children = (
				536EE338262E023000EECB3F /* BaseCoordinator.swift */,
				5373E9A6262F466000F083D8 /* AppCoordinator.swift */,
				5347DAD12631D34C001CBC1E /* SceneCoordinator.swift */,
				5373E9AE262F48CB00F083D8 /* OnboardCoordinator.swift */,
				53E1E85826353FC7009BAC13 /* LoginCoordinator.swift */,
				53E1E85D26354692009BAC13 /* SignUpCoordinator.swift */,
				53E92E2C2637C1080004607A /* ChatThreadCoordinator.swift */,
				53C39D30263D080B00272753 /* MessageViewCoordinator.swift */,
				5335DB4E2650433500B1E0CD /* RequestFriendshipCoordinator.swift */,
				532E25F12653D03D009420A6 /* ResponseRequestCoordinator.swift */,
				53EAE00E2653E7580044774E /* TabBarCoordinator.swift */,
				53EAE0122653EB3D0044774E /* RequestListCoordinator.swift */,
			);
			path = Coordinator;
			sourceTree = "<group>";
		};
		536EE342262E061700EECB3F /* ViewController */ = {
			isa = PBXGroup;
			children = (
				536EE343262E064000EECB3F /* OnboardViewController.swift */,
				5347DAD92631DF80001CBC1E /* LoginViewController.swift */,
				53E92E272637C0F30004607A /* ChatThreadViewController.swift */,
				53E1E8622635472C009BAC13 /* SignUpViewController.swift */,
				53C39D2E263D07E200272753 /* MessageViewController.swift */,
				539B308F2641942B00B45232 /* RequestFriendshipViewController.swift */,
				53A785282650E20000212933 /* ResponseRequestViewController.swift */,
				532E25F32653D7F4009420A6 /* TabBarController.swift */,
				53EAE0102653E8F50044774E /* RequestListViewController.swift */,
			);
			path = ViewController;
			sourceTree = "<group>";
		};
		5373E9A5262F42C600F083D8 /* App */ = {
			isa = PBXGroup;
			children = (
				536EE2FA262E011D00EECB3F /* AppDelegate.swift */,
				536EE2FC262E011D00EECB3F /* SceneDelegate.swift */,
			);
			path = App;
			sourceTree = "<group>";
		};
		53793B372640FB0800552B05 /* MockupData */ = {
			isa = PBXGroup;
			children = (
				53793B382640FBF200552B05 /* conversation_older.json */,
				53793B392640FBF200552B05 /* conversation.json */,
				53793B3A2640FBF200552B05 /* user.json */,
			);
			path = MockupData;
			sourceTree = "<group>";
		};
		53947016263FFA2100014E57 /* Extension */ = {
			isa = PBXGroup;
			children = (
				53947017263FFA3100014E57 /* Array.swift */,
				53947019263FFA5600014E57 /* KingFisher.swift */,
				5394701B263FFA7600014E57 /* UIBezierPath.swift */,
				5394701D263FFA8F00014E57 /* Data.swift */,
				5394701F263FFAA800014E57 /* UIViewController.swift */,
				53B1217A265EA71E00AC613D /* NSAttributedString+Size.swift */,
			);
			path = Extension;
			sourceTree = "<group>";
		};
		53AA3875264706A800F9CFEB /* Context */ = {
			isa = PBXGroup;
			children = (
				53AA3876264706C200F9CFEB /* CoreContext.swift */,
			);
			path = Context;
			sourceTree = "<group>";
		};
		53C39D38263D0FAB00272753 /* ViewModel */ = {
			isa = PBXGroup;
			children = (
				53BFBCF4263F7D8800A53CE8 /* MessageViewModel.swift */,
			);
			path = ViewModel;
			sourceTree = "<group>";
		};
		53D0D9512646A86A009FBBE1 /* Network */ = {
			isa = PBXGroup;
			children = (
				53D0D9522646A882009FBBE1 /* ChatSocket.swift */,
				53D0D9542646C26F009FBBE1 /* NetworkHandler.swift */,
				53AB7E2C264FF0DD00744FAD /* SignupNetworkModel.swift */,
			);
			path = Network;
			sourceTree = "<group>";
		};
		B29EF15BA4ED6B102B1FCA64 /* Pods */ = {
			isa = PBXGroup;
			children = (
				50DBA671CE3BCD6438651EA4 /* Pods-Messenger.debug.xcconfig */,
				2C837059C975794B39F68A24 /* Pods-Messenger.release.xcconfig */,
				BA47D323C2B0A99BDE288D9A /* Pods-Messenger-MessengerUITests.debug.xcconfig */,
				252E57FA823CEA2383C292CB /* Pods-Messenger-MessengerUITests.release.xcconfig */,
				21407AF1D4F6BDA9662FF9BC /* Pods-MessengerTests.debug.xcconfig */,
				B80554A0A556902E8F2B0C40 /* Pods-MessengerTests.release.xcconfig */,
			);
			path = Pods;
			sourceTree = "<group>";
		};
		B7A35D879593217ABA4E88A1 /* Frameworks */ = {
			isa = PBXGroup;
			children = (
				DF3FB4AF4DB6AE6606E5241E /* Pods_Messenger.framework */,
				8FC0AEBD98E950055812264C /* Pods_Messenger_MessengerUITests.framework */,
				7EF99B64A9CC749B36A46902 /* Pods_MessengerTests.framework */,
			);
			name = Frameworks;
			sourceTree = "<group>";
		};
/* End PBXGroup section */

/* Begin PBXNativeTarget section */
		536EE2F6262E011D00EECB3F /* Messenger */ = {
			isa = PBXNativeTarget;
			buildConfigurationList = 536EE324262E011F00EECB3F /* Build configuration list for PBXNativeTarget "Messenger" */;
			buildPhases = (
				50395CE5F8146AC4018DAD5C /* [CP] Check Pods Manifest.lock */,
				536EE2F3262E011D00EECB3F /* Sources */,
				536EE2F4262E011D00EECB3F /* Frameworks */,
				536EE2F5262E011D00EECB3F /* Resources */,
				50994ACB2E12F977164B26B0 /* [CP] Embed Pods Frameworks */,
			);
			buildRules = (
			);
			dependencies = (
			);
			name = Messenger;
			productName = Messenger;
			productReference = 536EE2F7262E011D00EECB3F /* Messenger.app */;
			productType = "com.apple.product-type.application";
		};
		536EE30F262E011F00EECB3F /* MessengerTests */ = {
			isa = PBXNativeTarget;
			buildConfigurationList = 536EE327262E011F00EECB3F /* Build configuration list for PBXNativeTarget "MessengerTests" */;
			buildPhases = (
				F31699CC9B9DCAB4C9FAD851 /* [CP] Check Pods Manifest.lock */,
				536EE30C262E011F00EECB3F /* Sources */,
				536EE30D262E011F00EECB3F /* Frameworks */,
				536EE30E262E011F00EECB3F /* Resources */,
			);
			buildRules = (
			);
			dependencies = (
				536EE312262E011F00EECB3F /* PBXTargetDependency */,
			);
			name = MessengerTests;
			productName = MessengerTests;
			productReference = 536EE310262E011F00EECB3F /* MessengerTests.xctest */;
			productType = "com.apple.product-type.bundle.unit-test";
		};
		536EE31A262E011F00EECB3F /* MessengerUITests */ = {
			isa = PBXNativeTarget;
			buildConfigurationList = 536EE32A262E011F00EECB3F /* Build configuration list for PBXNativeTarget "MessengerUITests" */;
			buildPhases = (
				6187306C35212C9B3157A86E /* [CP] Check Pods Manifest.lock */,
				536EE317262E011F00EECB3F /* Sources */,
				536EE318262E011F00EECB3F /* Frameworks */,
				536EE319262E011F00EECB3F /* Resources */,
				C0A2C9682E7FEE503AE95E00 /* [CP] Embed Pods Frameworks */,
			);
			buildRules = (
			);
			dependencies = (
				536EE31D262E011F00EECB3F /* PBXTargetDependency */,
			);
			name = MessengerUITests;
			productName = MessengerUITests;
			productReference = 536EE31B262E011F00EECB3F /* MessengerUITests.xctest */;
			productType = "com.apple.product-type.bundle.ui-testing";
		};
/* End PBXNativeTarget section */

/* Begin PBXProject section */
		536EE2EF262E011D00EECB3F /* Project object */ = {
			isa = PBXProject;
			attributes = {
				LastSwiftUpdateCheck = 1240;
				LastUpgradeCheck = 1240;
				TargetAttributes = {
					536EE2F6262E011D00EECB3F = {
						CreatedOnToolsVersion = 12.4;
					};
					536EE30F262E011F00EECB3F = {
						CreatedOnToolsVersion = 12.4;
						TestTargetID = 536EE2F6262E011D00EECB3F;
					};
					536EE31A262E011F00EECB3F = {
						CreatedOnToolsVersion = 12.4;
						TestTargetID = 536EE2F6262E011D00EECB3F;
					};
				};
			};
			buildConfigurationList = 536EE2F2262E011D00EECB3F /* Build configuration list for PBXProject "Messenger" */;
			compatibilityVersion = "Xcode 9.3";
			developmentRegion = en;
			hasScannedForEncodings = 0;
			knownRegions = (
				en,
				Base,
			);
			mainGroup = 536EE2EE262E011D00EECB3F;
			productRefGroup = 536EE2F8262E011D00EECB3F /* Products */;
			projectDirPath = "";
			projectRoot = "";
			targets = (
				536EE2F6262E011D00EECB3F /* Messenger */,
				536EE30F262E011F00EECB3F /* MessengerTests */,
				536EE31A262E011F00EECB3F /* MessengerUITests */,
			);
		};
/* End PBXProject section */

/* Begin PBXResourcesBuildPhase section */
		536EE2F5262E011D00EECB3F /* Resources */ = {
			isa = PBXResourcesBuildPhase;
			buildActionMask = 2147483647;
			files = (
				53793B3C2640FBF200552B05 /* conversation.json in Resources */,
				536EE30A262E011F00EECB3F /* LaunchScreen.storyboard in Resources */,
				53793B3B2640FBF200552B05 /* conversation_older.json in Resources */,
				536EE307262E011F00EECB3F /* Assets.xcassets in Resources */,
				53793B3D2640FBF200552B05 /* user.json in Resources */,
			);
			runOnlyForDeploymentPostprocessing = 0;
		};
		536EE30E262E011F00EECB3F /* Resources */ = {
			isa = PBXResourcesBuildPhase;
			buildActionMask = 2147483647;
			files = (
			);
			runOnlyForDeploymentPostprocessing = 0;
		};
		536EE319262E011F00EECB3F /* Resources */ = {
			isa = PBXResourcesBuildPhase;
			buildActionMask = 2147483647;
			files = (
			);
			runOnlyForDeploymentPostprocessing = 0;
		};
/* End PBXResourcesBuildPhase section */

/* Begin PBXShellScriptBuildPhase section */
		50395CE5F8146AC4018DAD5C /* [CP] Check Pods Manifest.lock */ = {
			isa = PBXShellScriptBuildPhase;
			buildActionMask = 2147483647;
			files = (
			);
			inputFileListPaths = (
			);
			inputPaths = (
				"${PODS_PODFILE_DIR_PATH}/Podfile.lock",
				"${PODS_ROOT}/Manifest.lock",
			);
			name = "[CP] Check Pods Manifest.lock";
			outputFileListPaths = (
			);
			outputPaths = (
				"$(DERIVED_FILE_DIR)/Pods-Messenger-checkManifestLockResult.txt",
			);
			runOnlyForDeploymentPostprocessing = 0;
			shellPath = /bin/sh;
			shellScript = "diff \"${PODS_PODFILE_DIR_PATH}/Podfile.lock\" \"${PODS_ROOT}/Manifest.lock\" > /dev/null\nif [ $? != 0 ] ; then\n    # print error to STDERR\n    echo \"error: The sandbox is not in sync with the Podfile.lock. Run 'pod install' or update your CocoaPods installation.\" >&2\n    exit 1\nfi\n# This output is used by Xcode 'outputs' to avoid re-running this script phase.\necho \"SUCCESS\" > \"${SCRIPT_OUTPUT_FILE_0}\"\n";
			showEnvVarsInLog = 0;
		};
		50994ACB2E12F977164B26B0 /* [CP] Embed Pods Frameworks */ = {
			isa = PBXShellScriptBuildPhase;
			buildActionMask = 2147483647;
			files = (
			);
			inputFileListPaths = (
				"${PODS_ROOT}/Target Support Files/Pods-Messenger/Pods-Messenger-frameworks-${CONFIGURATION}-input-files.xcfilelist",
			);
			name = "[CP] Embed Pods Frameworks";
			outputFileListPaths = (
				"${PODS_ROOT}/Target Support Files/Pods-Messenger/Pods-Messenger-frameworks-${CONFIGURATION}-output-files.xcfilelist",
			);
			runOnlyForDeploymentPostprocessing = 0;
			shellPath = /bin/sh;
			shellScript = "\"${PODS_ROOT}/Target Support Files/Pods-Messenger/Pods-Messenger-frameworks.sh\"\n";
			showEnvVarsInLog = 0;
		};
		6187306C35212C9B3157A86E /* [CP] Check Pods Manifest.lock */ = {
			isa = PBXShellScriptBuildPhase;
			buildActionMask = 2147483647;
			files = (
			);
			inputFileListPaths = (
			);
			inputPaths = (
				"${PODS_PODFILE_DIR_PATH}/Podfile.lock",
				"${PODS_ROOT}/Manifest.lock",
			);
			name = "[CP] Check Pods Manifest.lock";
			outputFileListPaths = (
			);
			outputPaths = (
				"$(DERIVED_FILE_DIR)/Pods-Messenger-MessengerUITests-checkManifestLockResult.txt",
			);
			runOnlyForDeploymentPostprocessing = 0;
			shellPath = /bin/sh;
			shellScript = "diff \"${PODS_PODFILE_DIR_PATH}/Podfile.lock\" \"${PODS_ROOT}/Manifest.lock\" > /dev/null\nif [ $? != 0 ] ; then\n    # print error to STDERR\n    echo \"error: The sandbox is not in sync with the Podfile.lock. Run 'pod install' or update your CocoaPods installation.\" >&2\n    exit 1\nfi\n# This output is used by Xcode 'outputs' to avoid re-running this script phase.\necho \"SUCCESS\" > \"${SCRIPT_OUTPUT_FILE_0}\"\n";
			showEnvVarsInLog = 0;
		};
		C0A2C9682E7FEE503AE95E00 /* [CP] Embed Pods Frameworks */ = {
			isa = PBXShellScriptBuildPhase;
			buildActionMask = 2147483647;
			files = (
			);
			inputFileListPaths = (
				"${PODS_ROOT}/Target Support Files/Pods-Messenger-MessengerUITests/Pods-Messenger-MessengerUITests-frameworks-${CONFIGURATION}-input-files.xcfilelist",
			);
			name = "[CP] Embed Pods Frameworks";
			outputFileListPaths = (
				"${PODS_ROOT}/Target Support Files/Pods-Messenger-MessengerUITests/Pods-Messenger-MessengerUITests-frameworks-${CONFIGURATION}-output-files.xcfilelist",
			);
			runOnlyForDeploymentPostprocessing = 0;
			shellPath = /bin/sh;
			shellScript = "\"${PODS_ROOT}/Target Support Files/Pods-Messenger-MessengerUITests/Pods-Messenger-MessengerUITests-frameworks.sh\"\n";
			showEnvVarsInLog = 0;
		};
		F31699CC9B9DCAB4C9FAD851 /* [CP] Check Pods Manifest.lock */ = {
			isa = PBXShellScriptBuildPhase;
			buildActionMask = 2147483647;
			files = (
			);
			inputFileListPaths = (
			);
			inputPaths = (
				"${PODS_PODFILE_DIR_PATH}/Podfile.lock",
				"${PODS_ROOT}/Manifest.lock",
			);
			name = "[CP] Check Pods Manifest.lock";
			outputFileListPaths = (
			);
			outputPaths = (
				"$(DERIVED_FILE_DIR)/Pods-MessengerTests-checkManifestLockResult.txt",
			);
			runOnlyForDeploymentPostprocessing = 0;
			shellPath = /bin/sh;
			shellScript = "diff \"${PODS_PODFILE_DIR_PATH}/Podfile.lock\" \"${PODS_ROOT}/Manifest.lock\" > /dev/null\nif [ $? != 0 ] ; then\n    # print error to STDERR\n    echo \"error: The sandbox is not in sync with the Podfile.lock. Run 'pod install' or update your CocoaPods installation.\" >&2\n    exit 1\nfi\n# This output is used by Xcode 'outputs' to avoid re-running this script phase.\necho \"SUCCESS\" > \"${SCRIPT_OUTPUT_FILE_0}\"\n";
			showEnvVarsInLog = 0;
		};
/* End PBXShellScriptBuildPhase section */

/* Begin PBXSourcesBuildPhase section */
		536EE2F3262E011D00EECB3F /* Sources */ = {
			isa = PBXSourcesBuildPhase;
			buildActionMask = 2147483647;
			files = (
				53C39D2F263D07E200272753 /* MessageViewController.swift in Sources */,
				53A785292650E20000212933 /* ResponseRequestViewController.swift in Sources */,
				5347DADA2631DF80001CBC1E /* LoginViewController.swift in Sources */,
				536EE2FB262E011D00EECB3F /* AppDelegate.swift in Sources */,
				5394700B263FF4CD00014E57 /* ChatBarType.swift in Sources */,
				5394701E263FFA8F00014E57 /* Data.swift in Sources */,
				53947011263FF8A600014E57 /* MessageImageCell.swift in Sources */,
				53947005263FF27900014E57 /* FileInfo.swift in Sources */,
				53E1E85926353FC7009BAC13 /* LoginCoordinator.swift in Sources */,
				53B70459265A66ED006CDF87 /* TrackingFlowManager.swift in Sources */,
				5335DB4F2650433500B1E0CD /* RequestFriendshipCoordinator.swift in Sources */,
				53947020263FFAA800014E57 /* UIViewController.swift in Sources */,
				53947009263FF4B000014E57 /* ListResponseObject.swift in Sources */,
				53BFBCF5263F7D8800A53CE8 /* MessageViewModel.swift in Sources */,
				532E25F42653D7F4009420A6 /* TabBarController.swift in Sources */,
				5394700F263FF5DF00014E57 /* MessageCell.swift in Sources */,
				53AB7E2D264FF0DD00744FAD /* SignupNetworkModel.swift in Sources */,
				53AA3877264706C200F9CFEB /* CoreContext.swift in Sources */,
				53947013263FF9E800014E57 /* MessageTextCell.swift in Sources */,
				5394701A263FFA5600014E57 /* KingFisher.swift in Sources */,
				5394700D263FF4E900014E57 /* ImagePickerType.swift in Sources */,
				53B1217B265EA71E00AC613D /* NSAttributedString+Size.swift in Sources */,
				536EE2FD262E011D00EECB3F /* SceneDelegate.swift in Sources */,
				53E92E2D2637C1080004607A /* ChatThreadCoordinator.swift in Sources */,
				536EE344262E064000EECB3F /* OnboardViewController.swift in Sources */,
				53EAE00F2653E7580044774E /* TabBarCoordinator.swift in Sources */,
				5347DAD22631D34C001CBC1E /* SceneCoordinator.swift in Sources */,
				53E1E8632635472C009BAC13 /* SignUpViewController.swift in Sources */,
				53947015263FFA0400014E57 /* SelectionStyleCell.swift in Sources */,
				539B30902641942B00B45232 /* RequestFriendshipViewController.swift in Sources */,
				53C39D37263D0ECA00272753 /* QuickActionModel.swift in Sources */,
				53D0D9552646C26F009FBBE1 /* NetworkHandler.swift in Sources */,
				536EE305262E011D00EECB3F /* Messenger.xcdatamodeld in Sources */,
				533E19C8265E379400F74DAC /* BannerViewCell.swift in Sources */,
				536EE339262E023000EECB3F /* BaseCoordinator.swift in Sources */,
				53EAE0112653E8F50044774E /* RequestListViewController.swift in Sources */,
				53947018263FFA3100014E57 /* Array.swift in Sources */,
				5309200926478A2300A1C5EE /* CoreDataHandler.swift in Sources */,
				53E92E282637C0F30004607A /* ChatThreadViewController.swift in Sources */,
				53947007263FF46E00014E57 /* Pagination.swift in Sources */,
				531DAC102658059C0095ECF0 /* FriendRequestModel.swift in Sources */,
				53D0D9532646A882009FBBE1 /* ChatSocket.swift in Sources */,
				5394701C263FFA7600014E57 /* UIBezierPath.swift in Sources */,
				532E25F22653D03D009420A6 /* ResponseRequestCoordinator.swift in Sources */,
				533E19CA265E410400F74DAC /* BannerModel.swift in Sources */,
				53B7045B265A676F006CDF87 /* TrackingModel.swift in Sources */,
				53C39D35263D0BC000272753 /* MessageModel.swift in Sources */,
				5373E9AF262F48CB00F083D8 /* OnboardCoordinator.swift in Sources */,
				5373E9A7262F466000F083D8 /* AppCoordinator.swift in Sources */,
				53C39D31263D080B00272753 /* MessageViewCoordinator.swift in Sources */,
				53EAE0132653EB3D0044774E /* RequestListCoordinator.swift in Sources */,
				53C39D33263D0AE400272753 /* UserModel.swift in Sources */,
				53E1E85E26354692009BAC13 /* SignUpCoordinator.swift in Sources */,
			);
			runOnlyForDeploymentPostprocessing = 0;
		};
		536EE30C262E011F00EECB3F /* Sources */ = {
			isa = PBXSourcesBuildPhase;
			buildActionMask = 2147483647;
			files = (
				536EE315262E011F00EECB3F /* MessengerTests.swift in Sources */,
			);
			runOnlyForDeploymentPostprocessing = 0;
		};
		536EE317262E011F00EECB3F /* Sources */ = {
			isa = PBXSourcesBuildPhase;
			buildActionMask = 2147483647;
			files = (
				536EE320262E011F00EECB3F /* MessengerUITests.swift in Sources */,
			);
			runOnlyForDeploymentPostprocessing = 0;
		};
/* End PBXSourcesBuildPhase section */

/* Begin PBXTargetDependency section */
		536EE312262E011F00EECB3F /* PBXTargetDependency */ = {
			isa = PBXTargetDependency;
			target = 536EE2F6262E011D00EECB3F /* Messenger */;
			targetProxy = 536EE311262E011F00EECB3F /* PBXContainerItemProxy */;
		};
		536EE31D262E011F00EECB3F /* PBXTargetDependency */ = {
			isa = PBXTargetDependency;
			target = 536EE2F6262E011D00EECB3F /* Messenger */;
			targetProxy = 536EE31C262E011F00EECB3F /* PBXContainerItemProxy */;
		};
/* End PBXTargetDependency section */

/* Begin PBXVariantGroup section */
		536EE308262E011F00EECB3F /* LaunchScreen.storyboard */ = {
			isa = PBXVariantGroup;
			children = (
				536EE309262E011F00EECB3F /* Base */,
			);
			name = LaunchScreen.storyboard;
			sourceTree = "<group>";
		};
/* End PBXVariantGroup section */

/* Begin XCBuildConfiguration section */
		536EE322262E011F00EECB3F /* Debug */ = {
			isa = XCBuildConfiguration;
			buildSettings = {
				ALWAYS_SEARCH_USER_PATHS = NO;
				CLANG_ANALYZER_NONNULL = YES;
				CLANG_ANALYZER_NUMBER_OBJECT_CONVERSION = YES_AGGRESSIVE;
				CLANG_CXX_LANGUAGE_STANDARD = "gnu++14";
				CLANG_CXX_LIBRARY = "libc++";
				CLANG_ENABLE_MODULES = YES;
				CLANG_ENABLE_OBJC_ARC = YES;
				CLANG_ENABLE_OBJC_WEAK = YES;
				CLANG_WARN_BLOCK_CAPTURE_AUTORELEASING = YES;
				CLANG_WARN_BOOL_CONVERSION = YES;
				CLANG_WARN_COMMA = YES;
				CLANG_WARN_CONSTANT_CONVERSION = YES;
				CLANG_WARN_DEPRECATED_OBJC_IMPLEMENTATIONS = YES;
				CLANG_WARN_DIRECT_OBJC_ISA_USAGE = YES_ERROR;
				CLANG_WARN_DOCUMENTATION_COMMENTS = YES;
				CLANG_WARN_EMPTY_BODY = YES;
				CLANG_WARN_ENUM_CONVERSION = YES;
				CLANG_WARN_INFINITE_RECURSION = YES;
				CLANG_WARN_INT_CONVERSION = YES;
				CLANG_WARN_NON_LITERAL_NULL_CONVERSION = YES;
				CLANG_WARN_OBJC_IMPLICIT_RETAIN_SELF = YES;
				CLANG_WARN_OBJC_LITERAL_CONVERSION = YES;
				CLANG_WARN_OBJC_ROOT_CLASS = YES_ERROR;
				CLANG_WARN_QUOTED_INCLUDE_IN_FRAMEWORK_HEADER = YES;
				CLANG_WARN_RANGE_LOOP_ANALYSIS = YES;
				CLANG_WARN_STRICT_PROTOTYPES = YES;
				CLANG_WARN_SUSPICIOUS_MOVE = YES;
				CLANG_WARN_UNGUARDED_AVAILABILITY = YES_AGGRESSIVE;
				CLANG_WARN_UNREACHABLE_CODE = YES;
				CLANG_WARN__DUPLICATE_METHOD_MATCH = YES;
				COPY_PHASE_STRIP = NO;
				DEBUG_INFORMATION_FORMAT = dwarf;
				ENABLE_STRICT_OBJC_MSGSEND = YES;
				ENABLE_TESTABILITY = YES;
				GCC_C_LANGUAGE_STANDARD = gnu11;
				GCC_DYNAMIC_NO_PIC = NO;
				GCC_NO_COMMON_BLOCKS = YES;
				GCC_OPTIMIZATION_LEVEL = 0;
				GCC_PREPROCESSOR_DEFINITIONS = (
					"DEBUG=1",
					"$(inherited)",
				);
				GCC_WARN_64_TO_32_BIT_CONVERSION = YES;
				GCC_WARN_ABOUT_RETURN_TYPE = YES_ERROR;
				GCC_WARN_UNDECLARED_SELECTOR = YES;
				GCC_WARN_UNINITIALIZED_AUTOS = YES_AGGRESSIVE;
				GCC_WARN_UNUSED_FUNCTION = YES;
				GCC_WARN_UNUSED_VARIABLE = YES;
				IPHONEOS_DEPLOYMENT_TARGET = 14.4;
				MTL_ENABLE_DEBUG_INFO = INCLUDE_SOURCE;
				MTL_FAST_MATH = YES;
				ONLY_ACTIVE_ARCH = YES;
				SDKROOT = iphoneos;
				SWIFT_ACTIVE_COMPILATION_CONDITIONS = DEBUG;
				SWIFT_OPTIMIZATION_LEVEL = "-Onone";
			};
			name = Debug;
		};
		536EE323262E011F00EECB3F /* Release */ = {
			isa = XCBuildConfiguration;
			buildSettings = {
				ALWAYS_SEARCH_USER_PATHS = NO;
				CLANG_ANALYZER_NONNULL = YES;
				CLANG_ANALYZER_NUMBER_OBJECT_CONVERSION = YES_AGGRESSIVE;
				CLANG_CXX_LANGUAGE_STANDARD = "gnu++14";
				CLANG_CXX_LIBRARY = "libc++";
				CLANG_ENABLE_MODULES = YES;
				CLANG_ENABLE_OBJC_ARC = YES;
				CLANG_ENABLE_OBJC_WEAK = YES;
				CLANG_WARN_BLOCK_CAPTURE_AUTORELEASING = YES;
				CLANG_WARN_BOOL_CONVERSION = YES;
				CLANG_WARN_COMMA = YES;
				CLANG_WARN_CONSTANT_CONVERSION = YES;
				CLANG_WARN_DEPRECATED_OBJC_IMPLEMENTATIONS = YES;
				CLANG_WARN_DIRECT_OBJC_ISA_USAGE = YES_ERROR;
				CLANG_WARN_DOCUMENTATION_COMMENTS = YES;
				CLANG_WARN_EMPTY_BODY = YES;
				CLANG_WARN_ENUM_CONVERSION = YES;
				CLANG_WARN_INFINITE_RECURSION = YES;
				CLANG_WARN_INT_CONVERSION = YES;
				CLANG_WARN_NON_LITERAL_NULL_CONVERSION = YES;
				CLANG_WARN_OBJC_IMPLICIT_RETAIN_SELF = YES;
				CLANG_WARN_OBJC_LITERAL_CONVERSION = YES;
				CLANG_WARN_OBJC_ROOT_CLASS = YES_ERROR;
				CLANG_WARN_QUOTED_INCLUDE_IN_FRAMEWORK_HEADER = YES;
				CLANG_WARN_RANGE_LOOP_ANALYSIS = YES;
				CLANG_WARN_STRICT_PROTOTYPES = YES;
				CLANG_WARN_SUSPICIOUS_MOVE = YES;
				CLANG_WARN_UNGUARDED_AVAILABILITY = YES_AGGRESSIVE;
				CLANG_WARN_UNREACHABLE_CODE = YES;
				CLANG_WARN__DUPLICATE_METHOD_MATCH = YES;
				COPY_PHASE_STRIP = NO;
				DEBUG_INFORMATION_FORMAT = "dwarf-with-dsym";
				ENABLE_NS_ASSERTIONS = NO;
				ENABLE_STRICT_OBJC_MSGSEND = YES;
				GCC_C_LANGUAGE_STANDARD = gnu11;
				GCC_NO_COMMON_BLOCKS = YES;
				GCC_WARN_64_TO_32_BIT_CONVERSION = YES;
				GCC_WARN_ABOUT_RETURN_TYPE = YES_ERROR;
				GCC_WARN_UNDECLARED_SELECTOR = YES;
				GCC_WARN_UNINITIALIZED_AUTOS = YES_AGGRESSIVE;
				GCC_WARN_UNUSED_FUNCTION = YES;
				GCC_WARN_UNUSED_VARIABLE = YES;
				IPHONEOS_DEPLOYMENT_TARGET = 14.4;
				MTL_ENABLE_DEBUG_INFO = NO;
				MTL_FAST_MATH = YES;
				SDKROOT = iphoneos;
				SWIFT_COMPILATION_MODE = wholemodule;
				SWIFT_OPTIMIZATION_LEVEL = "-O";
				VALIDATE_PRODUCT = YES;
			};
			name = Release;
		};
		536EE325262E011F00EECB3F /* Debug */ = {
			isa = XCBuildConfiguration;
			baseConfigurationReference = 50DBA671CE3BCD6438651EA4 /* Pods-Messenger.debug.xcconfig */;
			buildSettings = {
				ASSETCATALOG_COMPILER_APPICON_NAME = AppIcon;
				ASSETCATALOG_COMPILER_GLOBAL_ACCENT_COLOR_NAME = AccentColor;
				CODE_SIGN_STYLE = Automatic;
				DEVELOPMENT_TEAM = 3NLA5R24DG;
				INFOPLIST_FILE = Messenger/Info.plist;
				LD_RUNPATH_SEARCH_PATHS = (
					"$(inherited)",
					"@executable_path/Frameworks",
				);
				PRODUCT_BUNDLE_IDENTIFIER = com.vng.zing.Messenger;
				PRODUCT_NAME = "$(TARGET_NAME)";
				SWIFT_VERSION = 5.0;
				TARGETED_DEVICE_FAMILY = "1,2";
			};
			name = Debug;
		};
		536EE326262E011F00EECB3F /* Release */ = {
			isa = XCBuildConfiguration;
			baseConfigurationReference = 2C837059C975794B39F68A24 /* Pods-Messenger.release.xcconfig */;
			buildSettings = {
				ASSETCATALOG_COMPILER_APPICON_NAME = AppIcon;
				ASSETCATALOG_COMPILER_GLOBAL_ACCENT_COLOR_NAME = AccentColor;
				CODE_SIGN_STYLE = Automatic;
				DEVELOPMENT_TEAM = 3NLA5R24DG;
				INFOPLIST_FILE = Messenger/Info.plist;
				LD_RUNPATH_SEARCH_PATHS = (
					"$(inherited)",
					"@executable_path/Frameworks",
				);
				PRODUCT_BUNDLE_IDENTIFIER = com.vng.zing.Messenger;
				PRODUCT_NAME = "$(TARGET_NAME)";
				SWIFT_VERSION = 5.0;
				TARGETED_DEVICE_FAMILY = "1,2";
			};
			name = Release;
		};
		536EE328262E011F00EECB3F /* Debug */ = {
			isa = XCBuildConfiguration;
			baseConfigurationReference = 21407AF1D4F6BDA9662FF9BC /* Pods-MessengerTests.debug.xcconfig */;
			buildSettings = {
				ALWAYS_EMBED_SWIFT_STANDARD_LIBRARIES = YES;
				BUNDLE_LOADER = "$(TEST_HOST)";
				CODE_SIGN_STYLE = Automatic;
				INFOPLIST_FILE = MessengerTests/Info.plist;
				IPHONEOS_DEPLOYMENT_TARGET = 14.4;
				LD_RUNPATH_SEARCH_PATHS = (
					"$(inherited)",
					"@executable_path/Frameworks",
					"@loader_path/Frameworks",
				);
				PRODUCT_BUNDLE_IDENTIFIER = com.vng.zing.MessengerTests;
				PRODUCT_NAME = "$(TARGET_NAME)";
				SWIFT_VERSION = 5.0;
				TARGETED_DEVICE_FAMILY = "1,2";
				TEST_HOST = "$(BUILT_PRODUCTS_DIR)/Messenger.app/Messenger";
			};
			name = Debug;
		};
		536EE329262E011F00EECB3F /* Release */ = {
			isa = XCBuildConfiguration;
			baseConfigurationReference = B80554A0A556902E8F2B0C40 /* Pods-MessengerTests.release.xcconfig */;
			buildSettings = {
				ALWAYS_EMBED_SWIFT_STANDARD_LIBRARIES = YES;
				BUNDLE_LOADER = "$(TEST_HOST)";
				CODE_SIGN_STYLE = Automatic;
				INFOPLIST_FILE = MessengerTests/Info.plist;
				IPHONEOS_DEPLOYMENT_TARGET = 14.4;
				LD_RUNPATH_SEARCH_PATHS = (
					"$(inherited)",
					"@executable_path/Frameworks",
					"@loader_path/Frameworks",
				);
				PRODUCT_BUNDLE_IDENTIFIER = com.vng.zing.MessengerTests;
				PRODUCT_NAME = "$(TARGET_NAME)";
				SWIFT_VERSION = 5.0;
				TARGETED_DEVICE_FAMILY = "1,2";
				TEST_HOST = "$(BUILT_PRODUCTS_DIR)/Messenger.app/Messenger";
			};
			name = Release;
		};
		536EE32B262E011F00EECB3F /* Debug */ = {
			isa = XCBuildConfiguration;
			baseConfigurationReference = BA47D323C2B0A99BDE288D9A /* Pods-Messenger-MessengerUITests.debug.xcconfig */;
			buildSettings = {
				ALWAYS_EMBED_SWIFT_STANDARD_LIBRARIES = YES;
				CODE_SIGN_STYLE = Automatic;
				INFOPLIST_FILE = MessengerUITests/Info.plist;
				LD_RUNPATH_SEARCH_PATHS = (
					"$(inherited)",
					"@executable_path/Frameworks",
					"@loader_path/Frameworks",
				);
				PRODUCT_BUNDLE_IDENTIFIER = com.vng.zing.MessengerUITests;
				PRODUCT_NAME = "$(TARGET_NAME)";
				SWIFT_VERSION = 5.0;
				TARGETED_DEVICE_FAMILY = "1,2";
				TEST_TARGET_NAME = Messenger;
			};
			name = Debug;
		};
		536EE32C262E011F00EECB3F /* Release */ = {
			isa = XCBuildConfiguration;
			baseConfigurationReference = 252E57FA823CEA2383C292CB /* Pods-Messenger-MessengerUITests.release.xcconfig */;
			buildSettings = {
				ALWAYS_EMBED_SWIFT_STANDARD_LIBRARIES = YES;
				CODE_SIGN_STYLE = Automatic;
				INFOPLIST_FILE = MessengerUITests/Info.plist;
				LD_RUNPATH_SEARCH_PATHS = (
					"$(inherited)",
					"@executable_path/Frameworks",
					"@loader_path/Frameworks",
				);
				PRODUCT_BUNDLE_IDENTIFIER = com.vng.zing.MessengerUITests;
				PRODUCT_NAME = "$(TARGET_NAME)";
				SWIFT_VERSION = 5.0;
				TARGETED_DEVICE_FAMILY = "1,2";
				TEST_TARGET_NAME = Messenger;
			};
			name = Release;
		};
/* End XCBuildConfiguration section */

/* Begin XCConfigurationList section */
		536EE2F2262E011D00EECB3F /* Build configuration list for PBXProject "Messenger" */ = {
			isa = XCConfigurationList;
			buildConfigurations = (
				536EE322262E011F00EECB3F /* Debug */,
				536EE323262E011F00EECB3F /* Release */,
			);
			defaultConfigurationIsVisible = 0;
			defaultConfigurationName = Release;
		};
		536EE324262E011F00EECB3F /* Build configuration list for PBXNativeTarget "Messenger" */ = {
			isa = XCConfigurationList;
			buildConfigurations = (
				536EE325262E011F00EECB3F /* Debug */,
				536EE326262E011F00EECB3F /* Release */,
			);
			defaultConfigurationIsVisible = 0;
			defaultConfigurationName = Release;
		};
		536EE327262E011F00EECB3F /* Build configuration list for PBXNativeTarget "MessengerTests" */ = {
			isa = XCConfigurationList;
			buildConfigurations = (
				536EE328262E011F00EECB3F /* Debug */,
				536EE329262E011F00EECB3F /* Release */,
			);
			defaultConfigurationIsVisible = 0;
			defaultConfigurationName = Release;
		};
		536EE32A262E011F00EECB3F /* Build configuration list for PBXNativeTarget "MessengerUITests" */ = {
			isa = XCConfigurationList;
			buildConfigurations = (
				536EE32B262E011F00EECB3F /* Debug */,
				536EE32C262E011F00EECB3F /* Release */,
			);
			defaultConfigurationIsVisible = 0;
			defaultConfigurationName = Release;
		};
/* End XCConfigurationList section */

/* Begin XCVersionGroup section */
		536EE303262E011D00EECB3F /* Messenger.xcdatamodeld */ = {
			isa = XCVersionGroup;
			children = (
				536EE304262E011D00EECB3F /* Messenger.xcdatamodel */,
			);
			currentVersion = 536EE304262E011D00EECB3F /* Messenger.xcdatamodel */;
			path = Messenger.xcdatamodeld;
			sourceTree = "<group>";
			versionGroupType = wrapper.xcdatamodel;
		};
/* End XCVersionGroup section */
	};
	rootObject = 536EE2EF262E011D00EECB3F /* Project object */;
}
